<?xml version="1.0" encoding="utf-8"?>
<Project ToolsVersion="4.0" xmlns="http://schemas.microsoft.com/developer/msbuild/2003">
  <ItemGroup>
    <Filter Include="assignment">
      <UniqueIdentifier>{62b98c21-4de6-4429-aa7c-651dcbc7dcb4}</UniqueIdentifier>
    </Filter>
    <Filter Include="01_struct">
      <UniqueIdentifier>{13b8cea8-1d21-4588-ac38-395ee32714a6}</UniqueIdentifier>
    </Filter>
    <Filter Include="02_array">
      <UniqueIdentifier>{15d907a0-e712-4912-98f0-cc6b31721f3d}</UniqueIdentifier>
    </Filter>
  </ItemGroup>
  <ItemGroup>
    <ClCompile Include="Blackjack.c">
      <Filter>assignment</Filter>
    </ClCompile>
    <ClCompile Include="01_struct.c">
      <Filter>01_struct</Filter>
    </ClCompile>
    <ClCompile Include="02_struct.c">
      <Filter>01_struct</Filter>
    </ClCompile>
    <ClCompile Include="01_array.c">
      <Filter>02_array</Filter>
    </ClCompile>
    <ClCompile Include="02_array.c">
      <Filter>02_array</Filter>
    </ClCompile>
    <ClCompile Include="03_array.c">
      <Filter>02_array</Filter>
    </ClCompile>
  </ItemGroup>
</Project>