<?xml version="1.0" encoding="utf-8"?>
<Project ToolsVersion="4.0" xmlns="http://schemas.microsoft.com/developer/msbuild/2003">
  <ItemGroup>
    <Filter Include="01_while">
      <UniqueIdentifier>{5c3ec1e2-b571-43a5-972b-c452f550c88a}</UniqueIdentifier>
    </Filter>
    <Filter Include="02_for">
      <UniqueIdentifier>{ee0722ca-5cc2-4335-a33e-1a991b6b1549}</UniqueIdentifier>
    </Filter>
    <Filter Include="assignment">
      <UniqueIdentifier>{3faa3644-3327-4018-877f-f36d77dacec8}</UniqueIdentifier>
    </Filter>
  </ItemGroup>
  <ItemGroup>
    <ClCompile Include="01_while.c">
      <Filter>01_while</Filter>
    </ClCompile>
    <ClCompile Include="02_while.c">
      <Filter>01_while</Filter>
    </ClCompile>
    <ClCompile Include="03_while.c">
      <Filter>01_while</Filter>
    </ClCompile>
    <ClCompile Include="04_while.c">
      <Filter>01_while</Filter>
    </ClCompile>
    <ClCompile Include="01_for.c">
      <Filter>02_for</Filter>
    </ClCompile>
    <ClCompile Include="02_for.c">
      <Filter>02_for</Filter>
    </ClCompile>
    <ClCompile Include="assignment1.c">
      <Filter>assignment</Filter>
    </ClCompile>
    <ClCompile Include="assignment2.c">
      <Filter>assignment</Filter>
    </ClCompile>
  </ItemGroup>
</Project>