<?xml version="1.0" encoding="utf-8"?>
<Project ToolsVersion="4.0" xmlns="http://schemas.microsoft.com/developer/msbuild/2003">
  <ItemGroup>
    <Filter Include="FunctionTemplate">
      <UniqueIdentifier>{af3335bb-6071-40fb-af28-319ac6e78cd5}</UniqueIdentifier>
    </Filter>
    <Filter Include="ClassTemplate">
      <UniqueIdentifier>{9d9516ef-c666-4cdb-b787-5cb5d6af151e}</UniqueIdentifier>
    </Filter>
  </ItemGroup>
  <ItemGroup>
    <ClCompile Include="01_FunctionTemplate.cpp">
      <Filter>FunctionTemplate</Filter>
    </ClCompile>
    <ClCompile Include="01_ClassTemplate.cpp">
      <Filter>ClassTemplate</Filter>
    </ClCompile>
  </ItemGroup>
</Project>