<?xml version="1.0" encoding="utf-8"?>
<Project ToolsVersion="4.0" xmlns="http://schemas.microsoft.com/developer/msbuild/2003">
  <ItemGroup>
    <Filter Include="FunctionTemplate">
      <UniqueIdentifier>{af3335bb-6071-40fb-af28-319ac6e78cd5}</UniqueIdentifier>
    </Filter>
    <Filter Include="ClassTemplate">
      <UniqueIdentifier>{9d9516ef-c666-4cdb-b787-5cb5d6af151e}</UniqueIdentifier>
    </Filter>
    <Filter Include="ClassTemplate\01_TemplateClass">
      <UniqueIdentifier>{6fd1ea66-ad6d-4b26-8a7e-7f3fd5648ee2}</UniqueIdentifier>
    </Filter>
    <Filter Include="ClassTemplate\02_TemplateClass">
      <UniqueIdentifier>{ed974728-808b-49f7-bbb0-9ac75a217150}</UniqueIdentifier>
    </Filter>
  </ItemGroup>
  <ItemGroup>
    <ClCompile Include="01_FunctionTemplate.cpp">
      <Filter>FunctionTemplate</Filter>
    </ClCompile>
    <ClCompile Include="main2.cpp">
      <Filter>ClassTemplate\02_TemplateClass</Filter>
    </ClCompile>
  </ItemGroup>
  <ItemGroup>
    <ClInclude Include="ArrayClass.h">
      <Filter>ClassTemplate\02_TemplateClass</Filter>
    </ClInclude>
  </ItemGroup>
</Project>