
Microsoft Visual Studio Solution File, Format Version 12.00
# Visual Studio Version 16
VisualStudioVersion = 16.0.31112.23
MinimumVisualStudioVersion = 10.0.40219.1
Project("{8BC9CEB8-8B4A-11D0-8D11-00A0C91BC942}") = "13_Day", "13_Day\13_Day.vcxproj", "{30117DA0-228C-4D61-A2B2-34C3D43A763D}"
EndProject
Global
	GlobalSection(SolutionConfigurationPlatforms) = preSolution
		Debug|x64 = Debug|x64
		Debug|x86 = Debug|x86
		Release|x64 = Release|x64
		Release|x86 = Release|x86
	EndGlobalSection
	GlobalSection(ProjectConfigurationPlatforms) = postSolution
		{30117DA0-228C-4D61-A2B2-34C3D43A763D}.Debug|x64.ActiveCfg = Debug|x64
		{30117DA0-228C-4D61-A2B2-34C3D43A763D}.Debug|x64.Build.0 = Debug|x64
		{30117DA0-228C-4D61-A2B2-34C3D43A763D}.Debug|x86.ActiveCfg = Debug|Win32
		{30117DA0-228C-4D61-A2B2-34C3D43A763D}.Debug|x86.Build.0 = Debug|Win32
		{30117DA0-228C-4D61-A2B2-34C3D43A763D}.Release|x64.ActiveCfg = Release|x64
		{30117DA0-228C-4D61-A2B2-34C3D43A763D}.Release|x64.Build.0 = Release|x64
		{30117DA0-228C-4D61-A2B2-34C3D43A763D}.Release|x86.ActiveCfg = Release|Win32
		{30117DA0-228C-4D61-A2B2-34C3D43A763D}.Release|x86.Build.0 = Release|Win32
	EndGlobalSection
	GlobalSection(SolutionProperties) = preSolution
		HideSolutionNode = FALSE
	EndGlobalSection
	GlobalSection(ExtensibilityGlobals) = postSolution
		SolutionGuid = {E84DF201-0B9C-4E1D-A797-CD14BA5D13FE}
	EndGlobalSection
EndGlobal
