<?xml version="1.0" encoding="utf-8"?>
<Project ToolsVersion="4.0" xmlns="http://schemas.microsoft.com/developer/msbuild/2003">
  <ItemGroup>
    <Filter Include="01_iostream">
      <UniqueIdentifier>{55cc582e-1f50-4a7f-85e2-269e9633fe45}</UniqueIdentifier>
    </Filter>
    <Filter Include="02_variable">
      <UniqueIdentifier>{81f17c21-f772-4363-a9ba-b0e08b489d44}</UniqueIdentifier>
    </Filter>
    <Filter Include="03_function">
      <UniqueIdentifier>{11989b3c-e4dc-43fc-804e-089df2056fb9}</UniqueIdentifier>
    </Filter>
    <Filter Include="04_namespace">
      <UniqueIdentifier>{3d786363-9a87-4691-833a-58a5b6cf67cd}</UniqueIdentifier>
    </Filter>
    <Filter Include="05_string">
      <UniqueIdentifier>{6c369a4f-66d2-49d6-8f12-b0e0a85a13ea}</UniqueIdentifier>
    </Filter>
    <Filter Include="06_for">
      <UniqueIdentifier>{eb002f76-a82c-4c96-b062-f831f5d119f2}</UniqueIdentifier>
    </Filter>
    <Filter Include="07_Dynamic_Allocation">
      <UniqueIdentifier>{8e663bb3-742c-429f-93a6-ec26fe8acb10}</UniqueIdentifier>
    </Filter>
    <Filter Include="08_struct">
      <UniqueIdentifier>{863e6ff6-ed0e-4fe0-8754-96b968695ec2}</UniqueIdentifier>
    </Filter>
  </ItemGroup>
  <ItemGroup>
    <ClCompile Include="01_iostream.cpp">
      <Filter>01_iostream</Filter>
    </ClCompile>
    <ClCompile Include="01_auto.cpp">
      <Filter>02_variable</Filter>
    </ClCompile>
    <ClCompile Include="02_bool.cpp">
      <Filter>02_variable</Filter>
    </ClCompile>
    <ClCompile Include="01_FunctionOverload.cpp">
      <Filter>03_function</Filter>
    </ClCompile>
    <ClCompile Include="02_Inline.cpp">
      <Filter>03_function</Filter>
    </ClCompile>
    <ClCompile Include="03_OptionalParameter.cpp">
      <Filter>03_function</Filter>
    </ClCompile>
    <ClCompile Include="01_namespace.cpp">
      <Filter>04_namespace</Filter>
    </ClCompile>
    <ClCompile Include="01_string.cpp">
      <Filter>05_string</Filter>
    </ClCompile>
    <ClCompile Include="01_for.cpp">
      <Filter>06_for</Filter>
    </ClCompile>
    <ClCompile Include="01_new.cpp">
      <Filter>07_Dynamic_Allocation</Filter>
    </ClCompile>
    <ClCompile Include="02_new.cpp">
      <Filter>07_Dynamic_Allocation</Filter>
    </ClCompile>
    <ClCompile Include="03_new.cpp">
      <Filter>07_Dynamic_Allocation</Filter>
    </ClCompile>
    <ClCompile Include="01_struct.cpp">
      <Filter>08_struct</Filter>
    </ClCompile>
  </ItemGroup>
</Project>