<?xml version="1.0" encoding="utf-8"?>
<Project ToolsVersion="4.0" xmlns="http://schemas.microsoft.com/developer/msbuild/2003">
  <ItemGroup>
    <Filter Include="01_Preprocessor">
      <UniqueIdentifier>{bf2e1f7c-b000-458e-a9c2-0097184b630c}</UniqueIdentifier>
    </Filter>
    <Filter Include="01_Preprocessor\MyClass">
      <UniqueIdentifier>{ee5c395c-794a-49d4-9d1b-74cec9e6fcbd}</UniqueIdentifier>
    </Filter>
  </ItemGroup>
  <ItemGroup>
    <ClInclude Include="Preprocessor.h">
      <Filter>01_Preprocessor</Filter>
    </ClInclude>
    <ClInclude Include="MyClass.h">
      <Filter>01_Preprocessor\MyClass</Filter>
    </ClInclude>
  </ItemGroup>
  <ItemGroup>
    <ClCompile Include="main.cpp">
      <Filter>01_Preprocessor</Filter>
    </ClCompile>
    <ClCompile Include="MyClass.cpp">
      <Filter>01_Preprocessor\MyClass</Filter>
    </ClCompile>
  </ItemGroup>
</Project>